
Microsoft Visual Studio Solution File, Format Version 12.00
# Visual Studio Version 17
VisualStudioVersion = 17.1.32319.34
MinimumVisualStudioVersion = 10.0.40219.1
Project("{FAE04EC0-301F-11D3-BF4B-00C04F79EFBC}") = "CrappierIMDB", "CrappierIMDB\CrappierIMDB.csproj", "{9B183F96-628D-4386-8306-E9334E2AFA95}"
EndProject
Global
	GlobalSection(SolutionConfigurationPlatforms) = preSolution
		Debug|Any CPU = Debug|Any CPU
		Release|Any CPU = Release|Any CPU
	EndGlobalSection
	GlobalSection(ProjectConfigurationPlatforms) = postSolution
		{9B183F96-628D-4386-8306-E9334E2AFA95}.Debug|Any CPU.ActiveCfg = Debug|Any CPU
		{9B183F96-628D-4386-8306-E9334E2AFA95}.Debug|Any CPU.Build.0 = Debug|Any CPU
		{9B183F96-628D-4386-8306-E9334E2AFA95}.Release|Any CPU.ActiveCfg = Release|Any CPU
		{9B183F96-628D-4386-8306-E9334E2AFA95}.Release|Any CPU.Build.0 = Release|Any CPU
	EndGlobalSection
	GlobalSection(SolutionProperties) = preSolution
		HideSolutionNode = FALSE
	EndGlobalSection
	GlobalSection(ExtensibilityGlobals) = postSolution
		SolutionGuid = {F5F94994-A3FC-452B-80F6-DC60268622BC}
	EndGlobalSection
EndGlobal
